
Microsoft Visual Studio Solution File, Format Version 12.00
# Visual Studio Version 16
VisualStudioVersion = 16.0.31624.102
MinimumVisualStudioVersion = 10.0.40219.1
Project("{FAE04EC0-301F-11D3-BF4B-00C04F79EFBC}") = "ConsoleApp1", "ConsoleApp1\ConsoleApp1.csproj", "{22B560D1-B726-4E41-B198-8E5B55661B86}"
EndProject
Global
	GlobalSection(SolutionConfigurationPlatforms) = preSolution
		Debug|Any CPU = Debug|Any CPU
		Release|Any CPU = Release|Any CPU
	EndGlobalSection
	GlobalSection(ProjectConfigurationPlatforms) = postSolution
		{22B560D1-B726-4E41-B198-8E5B55661B86}.Debug|Any CPU.ActiveCfg = Debug|Any CPU
		{22B560D1-B726-4E41-B198-8E5B55661B86}.Debug|Any CPU.Build.0 = Debug|Any CPU
		{22B560D1-B726-4E41-B198-8E5B55661B86}.Release|Any CPU.ActiveCfg = Release|Any CPU
		{22B560D1-B726-4E41-B198-8E5B55661B86}.Release|Any CPU.Build.0 = Release|Any CPU
	EndGlobalSection
	GlobalSection(SolutionProperties) = preSolution
		HideSolutionNode = FALSE
	EndGlobalSection
	GlobalSection(ExtensibilityGlobals) = postSolution
		SolutionGuid = {32E5F148-C436-4799-91C2-9BAB915F44E4}
	EndGlobalSection
EndGlobal
